// !$*UTF8*$!
{
	archiveVersion = 1;
	classes = {
	};
	objectVersion = 56;
	objects = {

/* Begin PBXBuildFile section */
		523ECE6C2BA047BE00509045 /* Theme.swift in Sources */ = {isa = PBXBuildFile; fileRef = 523ECE6B2BA047BE00509045 /* Theme.swift */; };
		523ECE6E2BA04BEF00509045 /* DailyScrum.swift in Sources */ = {isa = PBXBuildFile; fileRef = 523ECE6D2BA04BEF00509045 /* DailyScrum.swift */; };
		523ECE702BA0508A00509045 /* CardView.swift in Sources */ = {isa = PBXBuildFile; fileRef = 523ECE6F2BA0508A00509045 /* CardView.swift */; };
		523ECE722BA068EE00509045 /* TrailingIconLabelStyle.swift in Sources */ = {isa = PBXBuildFile; fileRef = 523ECE712BA068EE00509045 /* TrailingIconLabelStyle.swift */; };
		523ECE742BA0731C00509045 /* ScrumsView.swift in Sources */ = {isa = PBXBuildFile; fileRef = 523ECE732BA0731C00509045 /* ScrumsView.swift */; };
		523ECE762BA0AFE800509045 /* DetailView.swift in Sources */ = {isa = PBXBuildFile; fileRef = 523ECE752BA0AFE800509045 /* DetailView.swift */; };
		525E4FC12B9FB8FB00EDD0A8 /* ScrumdingerApp.swift in Sources */ = {isa = PBXBuildFile; fileRef = 525E4FC02B9FB8FB00EDD0A8 /* ScrumdingerApp.swift */; };
		525E4FC32B9FB8FB00EDD0A8 /* MeetingView.swift in Sources */ = {isa = PBXBuildFile; fileRef = 525E4FC22B9FB8FB00EDD0A8 /* MeetingView.swift */; };
		525E4FC52B9FB8FC00EDD0A8 /* Assets.xcassets in Resources */ = {isa = PBXBuildFile; fileRef = 525E4FC42B9FB8FC00EDD0A8 /* Assets.xcassets */; };
		525E4FC82B9FB8FC00EDD0A8 /* Preview Assets.xcassets in Resources */ = {isa = PBXBuildFile; fileRef = 525E4FC72B9FB8FC00EDD0A8 /* Preview Assets.xcassets */; };
		527BD9AE2BA225D900BDCBB6 /* ThemeView.swift in Sources */ = {isa = PBXBuildFile; fileRef = 527BD9AD2BA225D900BDCBB6 /* ThemeView.swift */; };
		527BD9B02BA248B600BDCBB6 /* ThemePicker.swift in Sources */ = {isa = PBXBuildFile; fileRef = 527BD9AF2BA248B600BDCBB6 /* ThemePicker.swift */; };
		529695F12BA100DB00FECA0D /* DetailEditView.swift in Sources */ = {isa = PBXBuildFile; fileRef = 529695F02BA100DB00FECA0D /* DetailEditView.swift */; };
/* End PBXBuildFile section */

/* Begin PBXFileReference section */
		523ECE6B2BA047BE00509045 /* Theme.swift */ = {isa = PBXFileReference; lastKnownFileType = sourcecode.swift; path = Theme.swift; sourceTree = "<group>"; };
		523ECE6D2BA04BEF00509045 /* DailyScrum.swift */ = {isa = PBXFileReference; lastKnownFileType = sourcecode.swift; path = DailyScrum.swift; sourceTree = "<group>"; };
		523ECE6F2BA0508A00509045 /* CardView.swift */ = {isa = PBXFileReference; lastKnownFileType = sourcecode.swift; path = CardView.swift; sourceTree = "<group>"; };
		523ECE712BA068EE00509045 /* TrailingIconLabelStyle.swift */ = {isa = PBXFileReference; lastKnownFileType = sourcecode.swift; path = TrailingIconLabelStyle.swift; sourceTree = "<group>"; };
		523ECE732BA0731C00509045 /* ScrumsView.swift */ = {isa = PBXFileReference; lastKnownFileType = sourcecode.swift; path = ScrumsView.swift; sourceTree = "<group>"; };
		523ECE752BA0AFE800509045 /* DetailView.swift */ = {isa = PBXFileReference; lastKnownFileType = sourcecode.swift; path = DetailView.swift; sourceTree = "<group>"; };
		525E4FBD2B9FB8FB00EDD0A8 /* Scrumdinger.app */ = {isa = PBXFileReference; explicitFileType = wrapper.application; includeInIndex = 0; path = Scrumdinger.app; sourceTree = BUILT_PRODUCTS_DIR; };
		525E4FC02B9FB8FB00EDD0A8 /* ScrumdingerApp.swift */ = {isa = PBXFileReference; lastKnownFileType = sourcecode.swift; path = ScrumdingerApp.swift; sourceTree = "<group>"; };
		525E4FC22B9FB8FB00EDD0A8 /* MeetingView.swift */ = {isa = PBXFileReference; lastKnownFileType = sourcecode.swift; path = MeetingView.swift; sourceTree = "<group>"; };
		525E4FC42B9FB8FC00EDD0A8 /* Assets.xcassets */ = {isa = PBXFileReference; lastKnownFileType = folder.assetcatalog; path = Assets.xcassets; sourceTree = "<group>"; };
		525E4FC72B9FB8FC00EDD0A8 /* Preview Assets.xcassets */ = {isa = PBXFileReference; lastKnownFileType = folder.assetcatalog; path = "Preview Assets.xcassets"; sourceTree = "<group>"; };
		527BD9AD2BA225D900BDCBB6 /* ThemeView.swift */ = {isa = PBXFileReference; lastKnownFileType = sourcecode.swift; path = ThemeView.swift; sourceTree = "<group>"; };
		527BD9AF2BA248B600BDCBB6 /* ThemePicker.swift */ = {isa = PBXFileReference; lastKnownFileType = sourcecode.swift; path = ThemePicker.swift; sourceTree = "<group>"; };
		529695F02BA100DB00FECA0D /* DetailEditView.swift */ = {isa = PBXFileReference; lastKnownFileType = sourcecode.swift; path = DetailEditView.swift; sourceTree = "<group>"; };
/* End PBXFileReference section */

/* Begin PBXFrameworksBuildPhase section */
		525E4FBA2B9FB8FB00EDD0A8 /* Frameworks */ = {
			isa = PBXFrameworksBuildPhase;
			buildActionMask = 2147483647;
			files = (
			);
			runOnlyForDeploymentPostprocessing = 0;
		};
/* End PBXFrameworksBuildPhase section */

/* Begin PBXGroup section */
		523ECE6A2BA0479600509045 /* Models */ = {
			isa = PBXGroup;
			children = (
				523ECE6B2BA047BE00509045 /* Theme.swift */,
				523ECE6D2BA04BEF00509045 /* DailyScrum.swift */,
			);
			path = Models;
			sourceTree = "<group>";
		};
		525E4FB42B9FB8FB00EDD0A8 = {
			isa = PBXGroup;
			children = (
				525E4FBF2B9FB8FB00EDD0A8 /* Scrumdinger */,
				525E4FBE2B9FB8FB00EDD0A8 /* Products */,
			);
			sourceTree = "<group>";
		};
		525E4FBE2B9FB8FB00EDD0A8 /* Products */ = {
			isa = PBXGroup;
			children = (
				525E4FBD2B9FB8FB00EDD0A8 /* Scrumdinger.app */,
			);
			name = Products;
			sourceTree = "<group>";
		};
		525E4FBF2B9FB8FB00EDD0A8 /* Scrumdinger */ = {
			isa = PBXGroup;
			children = (
				523ECE6A2BA0479600509045 /* Models */,
				525E4FC02B9FB8FB00EDD0A8 /* ScrumdingerApp.swift */,
				523ECE6F2BA0508A00509045 /* CardView.swift */,
				523ECE712BA068EE00509045 /* TrailingIconLabelStyle.swift */,
				523ECE732BA0731C00509045 /* ScrumsView.swift */,
				523ECE752BA0AFE800509045 /* DetailView.swift */,
				525E4FC22B9FB8FB00EDD0A8 /* MeetingView.swift */,
				529695F02BA100DB00FECA0D /* DetailEditView.swift */,
				527BD9AD2BA225D900BDCBB6 /* ThemeView.swift */,
				527BD9AF2BA248B600BDCBB6 /* ThemePicker.swift */,
				525E4FC42B9FB8FC00EDD0A8 /* Assets.xcassets */,
				525E4FC62B9FB8FC00EDD0A8 /* Preview Content */,
			);
			path = Scrumdinger;
			sourceTree = "<group>";
		};
		525E4FC62B9FB8FC00EDD0A8 /* Preview Content */ = {
			isa = PBXGroup;
			children = (
				525E4FC72B9FB8FC00EDD0A8 /* Preview Assets.xcassets */,
			);
			path = "Preview Content";
			sourceTree = "<group>";
		};
/* End PBXGroup section */

/* Begin PBXNativeTarget section */
		525E4FBC2B9FB8FB00EDD0A8 /* Scrumdinger */ = {
			isa = PBXNativeTarget;
			buildConfigurationList = 525E4FCB2B9FB8FC00EDD0A8 /* Build configuration list for PBXNativeTarget "Scrumdinger" */;
			buildPhases = (
				525E4FB92B9FB8FB00EDD0A8 /* Sources */,
				525E4FBA2B9FB8FB00EDD0A8 /* Frameworks */,
				525E4FBB2B9FB8FB00EDD0A8 /* Resources */,
			);
			buildRules = (
			);
			dependencies = (
			);
			name = Scrumdinger;
			productName = Scrumdinger;
			productReference = 525E4FBD2B9FB8FB00EDD0A8 /* Scrumdinger.app */;
			productType = "com.apple.product-type.application";
		};
/* End PBXNativeTarget section */

/* Begin PBXProject section */
		525E4FB52B9FB8FB00EDD0A8 /* Project object */ = {
			isa = PBXProject;
			attributes = {
				BuildIndependentTargetsInParallel = 1;
				LastSwiftUpdateCheck = 1520;
				LastUpgradeCheck = 1520;
				TargetAttributes = {
					525E4FBC2B9FB8FB00EDD0A8 = {
						CreatedOnToolsVersion = 15.2;
					};
				};
			};
			buildConfigurationList = 525E4FB82B9FB8FB00EDD0A8 /* Build configuration list for PBXProject "Scrumdinger" */;
			compatibilityVersion = "Xcode 14.0";
			developmentRegion = en;
			hasScannedForEncodings = 0;
			knownRegions = (
				en,
				Base,
			);
			mainGroup = 525E4FB42B9FB8FB00EDD0A8;
			productRefGroup = 525E4FBE2B9FB8FB00EDD0A8 /* Products */;
			projectDirPath = "";
			projectRoot = "";
			targets = (
				525E4FBC2B9FB8FB00EDD0A8 /* Scrumdinger */,
			);
		};
/* End PBXProject section */

/* Begin PBXResourcesBuildPhase section */
		525E4FBB2B9FB8FB00EDD0A8 /* Resources */ = {
			isa = PBXResourcesBuildPhase;
			buildActionMask = 2147483647;
			files = (
				525E4FC82B9FB8FC00EDD0A8 /* Preview Assets.xcassets in Resources */,
				525E4FC52B9FB8FC00EDD0A8 /* Assets.xcassets in Resources */,
			);
			runOnlyForDeploymentPostprocessing = 0;
		};
/* End PBXResourcesBuildPhase section */

/* Begin PBXSourcesBuildPhase section */
		525E4FB92B9FB8FB00EDD0A8 /* Sources */ = {
			isa = PBXSourcesBuildPhase;
			buildActionMask = 2147483647;
			files = (
				527BD9B02BA248B600BDCBB6 /* ThemePicker.swift in Sources */,
				523ECE6E2BA04BEF00509045 /* DailyScrum.swift in Sources */,
				523ECE762BA0AFE800509045 /* DetailView.swift in Sources */,
				529695F12BA100DB00FECA0D /* DetailEditView.swift in Sources */,
				523ECE742BA0731C00509045 /* ScrumsView.swift in Sources */,
				523ECE722BA068EE00509045 /* TrailingIconLabelStyle.swift in Sources */,
				523ECE6C2BA047BE00509045 /* Theme.swift in Sources */,
				525E4FC32B9FB8FB00EDD0A8 /* MeetingView.swift in Sources */,
				525E4FC12B9FB8FB00EDD0A8 /* ScrumdingerApp.swift in Sources */,
				527BD9AE2BA225D900BDCBB6 /* ThemeView.swift in Sources */,
				523ECE702BA0508A00509045 /* CardView.swift in Sources */,
			);
			runOnlyForDeploymentPostprocessing = 0;
		};
/* End PBXSourcesBuildPhase section */

/* Begin XCBuildConfiguration section */
		525E4FC92B9FB8FC00EDD0A8 /* Debug */ = {
			isa = XCBuildConfiguration;
			buildSettings = {
				ALWAYS_SEARCH_USER_PATHS = NO;
				ASSETCATALOG_COMPILER_GENERATE_SWIFT_ASSET_SYMBOL_EXTENSIONS = YES;
				CLANG_ANALYZER_NONNULL = YES;
				CLANG_ANALYZER_NUMBER_OBJECT_CONVERSION = YES_AGGRESSIVE;
				CLANG_CXX_LANGUAGE_STANDARD = "gnu++20";
				CLANG_ENABLE_MODULES = YES;
				CLANG_ENABLE_OBJC_ARC = YES;
				CLANG_ENABLE_OBJC_WEAK = YES;
				CLANG_WARN_BLOCK_CAPTURE_AUTORELEASING = YES;
				CLANG_WARN_BOOL_CONVERSION = YES;
				CLANG_WARN_COMMA = YES;
				CLANG_WARN_CONSTANT_CONVERSION = YES;
				CLANG_WARN_DEPRECATED_OBJC_IMPLEMENTATIONS = YES;
				CLANG_WARN_DIRECT_OBJC_ISA_USAGE = YES_ERROR;
				CLANG_WARN_DOCUMENTATION_COMMENTS = YES;
				CLANG_WARN_EMPTY_BODY = YES;
				CLANG_WARN_ENUM_CONVERSION = YES;
				CLANG_WARN_INFINITE_RECURSION = YES;
				CLANG_WARN_INT_CONVERSION = YES;
				CLANG_WARN_NON_LITERAL_NULL_CONVERSION = YES;
				CLANG_WARN_OBJC_IMPLICIT_RETAIN_SELF = YES;
				CLANG_WARN_OBJC_LITERAL_CONVERSION = YES;
				CLANG_WARN_OBJC_ROOT_CLASS = YES_ERROR;
				CLANG_WARN_QUOTED_INCLUDE_IN_FRAMEWORK_HEADER = YES;
				CLANG_WARN_RANGE_LOOP_ANALYSIS = YES;
				CLANG_WARN_STRICT_PROTOTYPES = YES;
				CLANG_WARN_SUSPICIOUS_MOVE = YES;
				CLANG_WARN_UNGUARDED_AVAILABILITY = YES_AGGRESSIVE;
				CLANG_WARN_UNREACHABLE_CODE = YES;
				CLANG_WARN__DUPLICATE_METHOD_MATCH = YES;
				COPY_PHASE_STRIP = NO;
				DEBUG_INFORMATION_FORMAT = dwarf;
				ENABLE_STRICT_OBJC_MSGSEND = YES;
				ENABLE_TESTABILITY = YES;
				ENABLE_USER_SCRIPT_SANDBOXING = YES;
				GCC_C_LANGUAGE_STANDARD = gnu17;
				GCC_DYNAMIC_NO_PIC = NO;
				GCC_NO_COMMON_BLOCKS = YES;
				GCC_OPTIMIZATION_LEVEL = 0;
				GCC_PREPROCESSOR_DEFINITIONS = (
					"DEBUG=1",
					"$(inherited)",
				);
				GCC_WARN_64_TO_32_BIT_CONVERSION = YES;
				GCC_WARN_ABOUT_RETURN_TYPE = YES_ERROR;
				GCC_WARN_UNDECLARED_SELECTOR = YES;
				GCC_WARN_UNINITIALIZED_AUTOS = YES_AGGRESSIVE;
				GCC_WARN_UNUSED_FUNCTION = YES;
				GCC_WARN_UNUSED_VARIABLE = YES;
				IPHONEOS_DEPLOYMENT_TARGET = 17.2;
				LOCALIZATION_PREFERS_STRING_CATALOGS = YES;
				MTL_ENABLE_DEBUG_INFO = INCLUDE_SOURCE;
				MTL_FAST_MATH = YES;
				ONLY_ACTIVE_ARCH = YES;
				SDKROOT = iphoneos;
				SWIFT_ACTIVE_COMPILATION_CONDITIONS = "DEBUG $(inherited)";
				SWIFT_OPTIMIZATION_LEVEL = "-Onone";
			};
			name = Debug;
		};
		525E4FCA2B9FB8FC00EDD0A8 /* Release */ = {
			isa = XCBuildConfiguration;
			buildSettings = {
				ALWAYS_SEARCH_USER_PATHS = NO;
				ASSETCATALOG_COMPILER_GENERATE_SWIFT_ASSET_SYMBOL_EXTENSIONS = YES;
				CLANG_ANALYZER_NONNULL = YES;
				CLANG_ANALYZER_NUMBER_OBJECT_CONVERSION = YES_AGGRESSIVE;
				CLANG_CXX_LANGUAGE_STANDARD = "gnu++20";
				CLANG_ENABLE_MODULES = YES;
				CLANG_ENABLE_OBJC_ARC = YES;
				CLANG_ENABLE_OBJC_WEAK = YES;
				CLANG_WARN_BLOCK_CAPTURE_AUTORELEASING = YES;
				CLANG_WARN_BOOL_CONVERSION = YES;
				CLANG_WARN_COMMA = YES;
				CLANG_WARN_CONSTANT_CONVERSION = YES;
				CLANG_WARN_DEPRECATED_OBJC_IMPLEMENTATIONS = YES;
				CLANG_WARN_DIRECT_OBJC_ISA_USAGE = YES_ERROR;
				CLANG_WARN_DOCUMENTATION_COMMENTS = YES;
				CLANG_WARN_EMPTY_BODY = YES;
				CLANG_WARN_ENUM_CONVERSION = YES;
				CLANG_WARN_INFINITE_RECURSION = YES;
				CLANG_WARN_INT_CONVERSION = YES;
				CLANG_WARN_NON_LITERAL_NULL_CONVERSION = YES;
				CLANG_WARN_OBJC_IMPLICIT_RETAIN_SELF = YES;
				CLANG_WARN_OBJC_LITERAL_CONVERSION = YES;
				CLANG_WARN_OBJC_ROOT_CLASS = YES_ERROR;
				CLANG_WARN_QUOTED_INCLUDE_IN_FRAMEWORK_HEADER = YES;
				CLANG_WARN_RANGE_LOOP_ANALYSIS = YES;
				CLANG_WARN_STRICT_PROTOTYPES = YES;
				CLANG_WARN_SUSPICIOUS_MOVE = YES;
				CLANG_WARN_UNGUARDED_AVAILABILITY = YES_AGGRESSIVE;
				CLANG_WARN_UNREACHABLE_CODE = YES;
				CLANG_WARN__DUPLICATE_METHOD_MATCH = YES;
				COPY_PHASE_STRIP = NO;
				DEBUG_INFORMATION_FORMAT = "dwarf-with-dsym";
				ENABLE_NS_ASSERTIONS = NO;
				ENABLE_STRICT_OBJC_MSGSEND = YES;
				ENABLE_USER_SCRIPT_SANDBOXING = YES;
				GCC_C_LANGUAGE_STANDARD = gnu17;
				GCC_NO_COMMON_BLOCKS = YES;
				GCC_WARN_64_TO_32_BIT_CONVERSION = YES;
				GCC_WARN_ABOUT_RETURN_TYPE = YES_ERROR;
				GCC_WARN_UNDECLARED_SELECTOR = YES;
				GCC_WARN_UNINITIALIZED_AUTOS = YES_AGGRESSIVE;
				GCC_WARN_UNUSED_FUNCTION = YES;
				GCC_WARN_UNUSED_VARIABLE = YES;
				IPHONEOS_DEPLOYMENT_TARGET = 17.2;
				LOCALIZATION_PREFERS_STRING_CATALOGS = YES;
				MTL_ENABLE_DEBUG_INFO = NO;
				MTL_FAST_MATH = YES;
				SDKROOT = iphoneos;
				SWIFT_COMPILATION_MODE = wholemodule;
				VALIDATE_PRODUCT = YES;
			};
			name = Release;
		};
		525E4FCC2B9FB8FC00EDD0A8 /* Debug */ = {
			isa = XCBuildConfiguration;
			buildSettings = {
				ASSETCATALOG_COMPILER_APPICON_NAME = AppIcon;
				ASSETCATALOG_COMPILER_GLOBAL_ACCENT_COLOR_NAME = AccentColor;
				CODE_SIGN_STYLE = Automatic;
				CURRENT_PROJECT_VERSION = 1;
				DEVELOPMENT_ASSET_PATHS = "\"Scrumdinger/Preview Content\"";
				ENABLE_PREVIEWS = YES;
				GENERATE_INFOPLIST_FILE = YES;
				INFOPLIST_KEY_UIApplicationSceneManifest_Generation = YES;
				INFOPLIST_KEY_UIApplicationSupportsIndirectInputEvents = YES;
				INFOPLIST_KEY_UILaunchScreen_Generation = YES;
				INFOPLIST_KEY_UISupportedInterfaceOrientations_iPad = "UIInterfaceOrientationPortrait UIInterfaceOrientationPortraitUpsideDown UIInterfaceOrientationLandscapeLeft UIInterfaceOrientationLandscapeRight";
				INFOPLIST_KEY_UISupportedInterfaceOrientations_iPhone = "UIInterfaceOrientationPortrait UIInterfaceOrientationLandscapeLeft UIInterfaceOrientationLandscapeRight";
				LD_RUNPATH_SEARCH_PATHS = (
					"$(inherited)",
					"@executable_path/Frameworks",
				);
				MARKETING_VERSION = 1.0;
				PRODUCT_BUNDLE_IDENTIFIER = com.devgauss.Scrumdinger;
				PRODUCT_NAME = "$(TARGET_NAME)";
				SWIFT_EMIT_LOC_STRINGS = YES;
				SWIFT_VERSION = 5.0;
				TARGETED_DEVICE_FAMILY = "1,2";
			};
			name = Debug;
		};
		525E4FCD2B9FB8FC00EDD0A8 /* Release */ = {
			isa = XCBuildConfiguration;
			buildSettings = {
				ASSETCATALOG_COMPILER_APPICON_NAME = AppIcon;
				ASSETCATALOG_COMPILER_GLOBAL_ACCENT_COLOR_NAME = AccentColor;
				CODE_SIGN_STYLE = Automatic;
				CURRENT_PROJECT_VERSION = 1;
				DEVELOPMENT_ASSET_PATHS = "\"Scrumdinger/Preview Content\"";
				ENABLE_PREVIEWS = YES;
				GENERATE_INFOPLIST_FILE = YES;
				INFOPLIST_KEY_UIApplicationSceneManifest_Generation = YES;
				INFOPLIST_KEY_UIApplicationSupportsIndirectInputEvents = YES;
				INFOPLIST_KEY_UILaunchScreen_Generation = YES;
				INFOPLIST_KEY_UISupportedInterfaceOrientations_iPad = "UIInterfaceOrientationPortrait UIInterfaceOrientationPortraitUpsideDown UIInterfaceOrientationLandscapeLeft UIInterfaceOrientationLandscapeRight";
				INFOPLIST_KEY_UISupportedInterfaceOrientations_iPhone = "UIInterfaceOrientationPortrait UIInterfaceOrientationLandscapeLeft UIInterfaceOrientationLandscapeRight";
				LD_RUNPATH_SEARCH_PATHS = (
					"$(inherited)",
					"@executable_path/Frameworks",
				);
				MARKETING_VERSION = 1.0;
				PRODUCT_BUNDLE_IDENTIFIER = com.devgauss.Scrumdinger;
				PRODUCT_NAME = "$(TARGET_NAME)";
				SWIFT_EMIT_LOC_STRINGS = YES;
				SWIFT_VERSION = 5.0;
				TARGETED_DEVICE_FAMILY = "1,2";
			};
			name = Release;
		};
/* End XCBuildConfiguration section */

/* Begin XCConfigurationList section */
		525E4FB82B9FB8FB00EDD0A8 /* Build configuration list for PBXProject "Scrumdinger" */ = {
			isa = XCConfigurationList;
			buildConfigurations = (
				525E4FC92B9FB8FC00EDD0A8 /* Debug */,
				525E4FCA2B9FB8FC00EDD0A8 /* Release */,
			);
			defaultConfigurationIsVisible = 0;
			defaultConfigurationName = Release;
		};
		525E4FCB2B9FB8FC00EDD0A8 /* Build configuration list for PBXNativeTarget "Scrumdinger" */ = {
			isa = XCConfigurationList;
			buildConfigurations = (
				525E4FCC2B9FB8FC00EDD0A8 /* Debug */,
				525E4FCD2B9FB8FC00EDD0A8 /* Release */,
			);
			defaultConfigurationIsVisible = 0;
			defaultConfigurationName = Release;
		};
/* End XCConfigurationList section */
	};
	rootObject = 525E4FB52B9FB8FB00EDD0A8 /* Project object */;
}
